
Microsoft Visual Studio Solution File, Format Version 12.00
# Visual Studio Version 17
VisualStudioVersion = 17.3.32811.315
MinimumVisualStudioVersion = 10.0.40219.1
Project("{FAE04EC0-301F-11D3-BF4B-00C04F79EFBC}") = "otazka2.10", "otazka2.10\otazka2.10.csproj", "{C8B57872-E9C4-4B6E-BBBA-DE8F0C08BCAC}"
EndProject
Global
	GlobalSection(SolutionConfigurationPlatforms) = preSolution
		Debug|Any CPU = Debug|Any CPU
		Release|Any CPU = Release|Any CPU
	EndGlobalSection
	GlobalSection(ProjectConfigurationPlatforms) = postSolution
		{C8B57872-E9C4-4B6E-BBBA-DE8F0C08BCAC}.Debug|Any CPU.ActiveCfg = Debug|Any CPU
		{C8B57872-E9C4-4B6E-BBBA-DE8F0C08BCAC}.Debug|Any CPU.Build.0 = Debug|Any CPU
		{C8B57872-E9C4-4B6E-BBBA-DE8F0C08BCAC}.Release|Any CPU.ActiveCfg = Release|Any CPU
		{C8B57872-E9C4-4B6E-BBBA-DE8F0C08BCAC}.Release|Any CPU.Build.0 = Release|Any CPU
	EndGlobalSection
	GlobalSection(SolutionProperties) = preSolution
		HideSolutionNode = FALSE
	EndGlobalSection
	GlobalSection(ExtensibilityGlobals) = postSolution
		SolutionGuid = {02EE8427-45C6-438A-B181-A696A9F351A9}
	EndGlobalSection
EndGlobal
